
Microsoft Visual Studio Solution File, Format Version 12.00
# Visual Studio Version 17
VisualStudioVersion = 17.0.31903.59
MinimumVisualStudioVersion = 10.0.40219.1
Project("{FAE04EC0-301F-11D3-BF4B-00C04F79EFBC}") = "Web.Essentials.Domain", "Web.Essentials.Domain\Web.Essentials.Domain.csproj", "{2A44E4BA-CCAE-41B7-A5F6-6E8133CC72F0}"
EndProject
Project("{FAE04EC0-301F-11D3-BF4B-00C04F79EFBC}") = "Web.Essentials.Infrastructure", "Web.Essentials.Infrastructure\Web.Essentials.Infrastructure.csproj", "{6BA1700D-93E8-4479-B96C-39E329625137}"
EndProject
Project("{FAE04EC0-301F-11D3-BF4B-00C04F79EFBC}") = "Web.Essentials.App", "Web.Essentials.App\Web.Essentials.App.csproj", "{DBD463D0-B971-4665-95FB-BD16FF1345A5}"
EndProject
Global
	GlobalSection(SolutionConfigurationPlatforms) = preSolution
		Debug|Any CPU = Debug|Any CPU
		Release|Any CPU = Release|Any CPU
	EndGlobalSection
	GlobalSection(SolutionProperties) = preSolution
		HideSolutionNode = FALSE
	EndGlobalSection
	GlobalSection(ProjectConfigurationPlatforms) = postSolution
		{2A44E4BA-CCAE-41B7-A5F6-6E8133CC72F0}.Debug|Any CPU.ActiveCfg = Debug|Any CPU
		{2A44E4BA-CCAE-41B7-A5F6-6E8133CC72F0}.Debug|Any CPU.Build.0 = Debug|Any CPU
		{2A44E4BA-CCAE-41B7-A5F6-6E8133CC72F0}.Release|Any CPU.ActiveCfg = Release|Any CPU
		{2A44E4BA-CCAE-41B7-A5F6-6E8133CC72F0}.Release|Any CPU.Build.0 = Release|Any CPU
		{6BA1700D-93E8-4479-B96C-39E329625137}.Debug|Any CPU.ActiveCfg = Debug|Any CPU
		{6BA1700D-93E8-4479-B96C-39E329625137}.Debug|Any CPU.Build.0 = Debug|Any CPU
		{6BA1700D-93E8-4479-B96C-39E329625137}.Release|Any CPU.ActiveCfg = Release|Any CPU
		{6BA1700D-93E8-4479-B96C-39E329625137}.Release|Any CPU.Build.0 = Release|Any CPU
		{DBD463D0-B971-4665-95FB-BD16FF1345A5}.Debug|Any CPU.ActiveCfg = Debug|Any CPU
		{DBD463D0-B971-4665-95FB-BD16FF1345A5}.Debug|Any CPU.Build.0 = Debug|Any CPU
		{DBD463D0-B971-4665-95FB-BD16FF1345A5}.Release|Any CPU.ActiveCfg = Release|Any CPU
		{DBD463D0-B971-4665-95FB-BD16FF1345A5}.Release|Any CPU.Build.0 = Release|Any CPU
	EndGlobalSection
EndGlobal
